// !$*UTF8*$!
{
	archiveVersion = 1;
	classes = {
	};
	objectVersion = 46;
	objects = {

/* Begin PBXBuildFile section */
		D751A9001AB8580D0062BBA2 /* main.m in Sources */ = {isa = PBXBuildFile; fileRef = D751A8FF1AB8580D0062BBA2 /* main.m */; };
		D751A9031AB8580D0062BBA2 /* AppDelegate.m in Sources */ = {isa = PBXBuildFile; fileRef = D751A9021AB8580D0062BBA2 /* AppDelegate.m */; };
		D751A9091AB8580D0062BBA2 /* Main.storyboard in Resources */ = {isa = PBXBuildFile; fileRef = D751A9071AB8580D0062BBA2 /* Main.storyboard */; };
		D751A90B1AB8580D0062BBA2 /* Images.xcassets in Resources */ = {isa = PBXBuildFile; fileRef = D751A90A1AB8580D0062BBA2 /* Images.xcassets */; };
		D751A90E1AB8580D0062BBA2 /* LaunchScreen.xib in Resources */ = {isa = PBXBuildFile; fileRef = D751A90C1AB8580D0062BBA2 /* LaunchScreen.xib */; };
		D751A91A1AB8580D0062BBA2 /* ToDoListTests.m in Sources */ = {isa = PBXBuildFile; fileRef = D751A9191AB8580D0062BBA2 /* ToDoListTests.m */; };
		D751A9281ABA40030062BBA2 /* AddToDoItemViewController.m in Sources */ = {isa = PBXBuildFile; fileRef = D751A9271ABA40030062BBA2 /* AddToDoItemViewController.m */; };
		D751A92B1ABA41610062BBA2 /* ToDoListTableViewController.m in Sources */ = {isa = PBXBuildFile; fileRef = D751A92A1ABA41610062BBA2 /* ToDoListTableViewController.m */; };
		D7FD966B1ABAF90000F01BB2 /* ToDoItem.m in Sources */ = {isa = PBXBuildFile; fileRef = D7FD966A1ABAF90000F01BB2 /* ToDoItem.m */; };
/* End PBXBuildFile section */

/* Begin PBXContainerItemProxy section */
		D751A9141AB8580D0062BBA2 /* PBXContainerItemProxy */ = {
			isa = PBXContainerItemProxy;
			containerPortal = D751A8F21AB8580D0062BBA2 /* Project object */;
			proxyType = 1;
			remoteGlobalIDString = D751A8F91AB8580D0062BBA2;
			remoteInfo = ToDoList;
		};
/* End PBXContainerItemProxy section */

/* Begin PBXFileReference section */
		D751A8FA1AB8580D0062BBA2 /* ToDoList.app */ = {isa = PBXFileReference; explicitFileType = wrapper.application; includeInIndex = 0; path = ToDoList.app; sourceTree = BUILT_PRODUCTS_DIR; };
		D751A8FE1AB8580D0062BBA2 /* Info.plist */ = {isa = PBXFileReference; lastKnownFileType = text.plist.xml; path = Info.plist; sourceTree = "<group>"; };
		D751A8FF1AB8580D0062BBA2 /* main.m */ = {isa = PBXFileReference; lastKnownFileType = sourcecode.c.objc; path = main.m; sourceTree = "<group>"; };
		D751A9011AB8580D0062BBA2 /* AppDelegate.h */ = {isa = PBXFileReference; lastKnownFileType = sourcecode.c.h; path = AppDelegate.h; sourceTree = "<group>"; };
		D751A9021AB8580D0062BBA2 /* AppDelegate.m */ = {isa = PBXFileReference; lastKnownFileType = sourcecode.c.objc; path = AppDelegate.m; sourceTree = "<group>"; };
		D751A9081AB8580D0062BBA2 /* Base */ = {isa = PBXFileReference; lastKnownFileType = file.storyboard; name = Base; path = Base.lproj/Main.storyboard; sourceTree = "<group>"; };
		D751A90A1AB8580D0062BBA2 /* Images.xcassets */ = {isa = PBXFileReference; lastKnownFileType = folder.assetcatalog; path = Images.xcassets; sourceTree = "<group>"; };
		D751A90D1AB8580D0062BBA2 /* Base */ = {isa = PBXFileReference; lastKnownFileType = file.xib; name = Base; path = Base.lproj/LaunchScreen.xib; sourceTree = "<group>"; };
		D751A9131AB8580D0062BBA2 /* ToDoListTests.xctest */ = {isa = PBXFileReference; explicitFileType = wrapper.cfbundle; includeInIndex = 0; path = ToDoListTests.xctest; sourceTree = BUILT_PRODUCTS_DIR; };
		D751A9181AB8580D0062BBA2 /* Info.plist */ = {isa = PBXFileReference; lastKnownFileType = text.plist.xml; path = Info.plist; sourceTree = "<group>"; };
		D751A9191AB8580D0062BBA2 /* ToDoListTests.m */ = {isa = PBXFileReference; lastKnownFileType = sourcecode.c.objc; path = ToDoListTests.m; sourceTree = "<group>"; };
		D751A9261ABA40030062BBA2 /* AddToDoItemViewController.h */ = {isa = PBXFileReference; fileEncoding = 4; lastKnownFileType = sourcecode.c.h; path = AddToDoItemViewController.h; sourceTree = "<group>"; };
		D751A9271ABA40030062BBA2 /* AddToDoItemViewController.m */ = {isa = PBXFileReference; fileEncoding = 4; lastKnownFileType = sourcecode.c.objc; path = AddToDoItemViewController.m; sourceTree = "<group>"; };
		D751A9291ABA41610062BBA2 /* ToDoListTableViewController.h */ = {isa = PBXFileReference; fileEncoding = 4; lastKnownFileType = sourcecode.c.h; path = ToDoListTableViewController.h; sourceTree = "<group>"; };
		D751A92A1ABA41610062BBA2 /* ToDoListTableViewController.m */ = {isa = PBXFileReference; fileEncoding = 4; lastKnownFileType = sourcecode.c.objc; path = ToDoListTableViewController.m; sourceTree = "<group>"; };
		D7FD96691ABAF90000F01BB2 /* ToDoItem.h */ = {isa = PBXFileReference; fileEncoding = 4; lastKnownFileType = sourcecode.c.h; path = ToDoItem.h; sourceTree = "<group>"; };
		D7FD966A1ABAF90000F01BB2 /* ToDoItem.m */ = {isa = PBXFileReference; fileEncoding = 4; lastKnownFileType = sourcecode.c.objc; path = ToDoItem.m; sourceTree = "<group>"; };
/* End PBXFileReference section */

/* Begin PBXFrameworksBuildPhase section */
		D751A8F71AB8580D0062BBA2 /* Frameworks */ = {
			isa = PBXFrameworksBuildPhase;
			buildActionMask = 2147483647;
			files = (
			);
			runOnlyForDeploymentPostprocessing = 0;
		};
		D751A9101AB8580D0062BBA2 /* Frameworks */ = {
			isa = PBXFrameworksBuildPhase;
			buildActionMask = 2147483647;
			files = (
			);
			runOnlyForDeploymentPostprocessing = 0;
		};
/* End PBXFrameworksBuildPhase section */

/* Begin PBXGroup section */
		D751A8F11AB8580D0062BBA2 = {
			isa = PBXGroup;
			children = (
				D751A8FC1AB8580D0062BBA2 /* ToDoList */,
				D751A9161AB8580D0062BBA2 /* ToDoListTests */,
				D751A8FB1AB8580D0062BBA2 /* Products */,
			);
			sourceTree = "<group>";
		};
		D751A8FB1AB8580D0062BBA2 /* Products */ = {
			isa = PBXGroup;
			children = (
				D751A8FA1AB8580D0062BBA2 /* ToDoList.app */,
				D751A9131AB8580D0062BBA2 /* ToDoListTests.xctest */,
			);
			name = Products;
			sourceTree = "<group>";
		};
		D751A8FC1AB8580D0062BBA2 /* ToDoList */ = {
			isa = PBXGroup;
			children = (
				D751A9011AB8580D0062BBA2 /* AppDelegate.h */,
				D751A9021AB8580D0062BBA2 /* AppDelegate.m */,
				D751A9071AB8580D0062BBA2 /* Main.storyboard */,
				D751A9291ABA41610062BBA2 /* ToDoListTableViewController.h */,
				D751A92A1ABA41610062BBA2 /* ToDoListTableViewController.m */,
				D751A90A1AB8580D0062BBA2 /* Images.xcassets */,
				D751A90C1AB8580D0062BBA2 /* LaunchScreen.xib */,
				D751A8FD1AB8580D0062BBA2 /* Supporting Files */,
				D751A9261ABA40030062BBA2 /* AddToDoItemViewController.h */,
				D751A9271ABA40030062BBA2 /* AddToDoItemViewController.m */,
				D7FD96691ABAF90000F01BB2 /* ToDoItem.h */,
				D7FD966A1ABAF90000F01BB2 /* ToDoItem.m */,
			);
			path = ToDoList;
			sourceTree = "<group>";
		};
		D751A8FD1AB8580D0062BBA2 /* Supporting Files */ = {
			isa = PBXGroup;
			children = (
				D751A8FE1AB8580D0062BBA2 /* Info.plist */,
				D751A8FF1AB8580D0062BBA2 /* main.m */,
			);
			name = "Supporting Files";
			sourceTree = "<group>";
		};
		D751A9161AB8580D0062BBA2 /* ToDoListTests */ = {
			isa = PBXGroup;
			children = (
				D751A9191AB8580D0062BBA2 /* ToDoListTests.m */,
				D751A9171AB8580D0062BBA2 /* Supporting Files */,
			);
			path = ToDoListTests;
			sourceTree = "<group>";
		};
		D751A9171AB8580D0062BBA2 /* Supporting Files */ = {
			isa = PBXGroup;
			children = (
				D751A9181AB8580D0062BBA2 /* Info.plist */,
			);
			name = "Supporting Files";
			sourceTree = "<group>";
		};
/* End PBXGroup section */

/* Begin PBXNativeTarget section */
		D751A8F91AB8580D0062BBA2 /* ToDoList */ = {
			isa = PBXNativeTarget;
			buildConfigurationList = D751A91D1AB8580D0062BBA2 /* Build configuration list for PBXNativeTarget "ToDoList" */;
			buildPhases = (
				D751A8F61AB8580D0062BBA2 /* Sources */,
				D751A8F71AB8580D0062BBA2 /* Frameworks */,
				D751A8F81AB8580D0062BBA2 /* Resources */,
			);
			buildRules = (
			);
			dependencies = (
			);
			name = ToDoList;
			productName = ToDoList;
			productReference = D751A8FA1AB8580D0062BBA2 /* ToDoList.app */;
			productType = "com.apple.product-type.application";
		};
		D751A9121AB8580D0062BBA2 /* ToDoListTests */ = {
			isa = PBXNativeTarget;
			buildConfigurationList = D751A9201AB8580D0062BBA2 /* Build configuration list for PBXNativeTarget "ToDoListTests" */;
			buildPhases = (
				D751A90F1AB8580D0062BBA2 /* Sources */,
				D751A9101AB8580D0062BBA2 /* Frameworks */,
				D751A9111AB8580D0062BBA2 /* Resources */,
			);
			buildRules = (
			);
			dependencies = (
				D751A9151AB8580D0062BBA2 /* PBXTargetDependency */,
			);
			name = ToDoListTests;
			productName = ToDoListTests;
			productReference = D751A9131AB8580D0062BBA2 /* ToDoListTests.xctest */;
			productType = "com.apple.product-type.bundle.unit-test";
		};
/* End PBXNativeTarget section */

/* Begin PBXProject section */
		D751A8F21AB8580D0062BBA2 /* Project object */ = {
			isa = PBXProject;
			attributes = {
				LastUpgradeCheck = 0620;
				ORGANIZATIONNAME = OLX;
				TargetAttributes = {
					D751A8F91AB8580D0062BBA2 = {
						CreatedOnToolsVersion = 6.2;
					};
					D751A9121AB8580D0062BBA2 = {
						CreatedOnToolsVersion = 6.2;
						TestTargetID = D751A8F91AB8580D0062BBA2;
					};
				};
			};
			buildConfigurationList = D751A8F51AB8580D0062BBA2 /* Build configuration list for PBXProject "ToDoList" */;
			compatibilityVersion = "Xcode 3.2";
			developmentRegion = English;
			hasScannedForEncodings = 0;
			knownRegions = (
				en,
				Base,
			);
			mainGroup = D751A8F11AB8580D0062BBA2;
			productRefGroup = D751A8FB1AB8580D0062BBA2 /* Products */;
			projectDirPath = "";
			projectRoot = "";
			targets = (
				D751A8F91AB8580D0062BBA2 /* ToDoList */,
				D751A9121AB8580D0062BBA2 /* ToDoListTests */,
			);
		};
/* End PBXProject section */

/* Begin PBXResourcesBuildPhase section */
		D751A8F81AB8580D0062BBA2 /* Resources */ = {
			isa = PBXResourcesBuildPhase;
			buildActionMask = 2147483647;
			files = (
				D751A9091AB8580D0062BBA2 /* Main.storyboard in Resources */,
				D751A90E1AB8580D0062BBA2 /* LaunchScreen.xib in Resources */,
				D751A90B1AB8580D0062BBA2 /* Images.xcassets in Resources */,
			);
			runOnlyForDeploymentPostprocessing = 0;
		};
		D751A9111AB8580D0062BBA2 /* Resources */ = {
			isa = PBXResourcesBuildPhase;
			buildActionMask = 2147483647;
			files = (
			);
			runOnlyForDeploymentPostprocessing = 0;
		};
/* End PBXResourcesBuildPhase section */

/* Begin PBXSourcesBuildPhase section */
		D751A8F61AB8580D0062BBA2 /* Sources */ = {
			isa = PBXSourcesBuildPhase;
			buildActionMask = 2147483647;
			files = (
				D751A9031AB8580D0062BBA2 /* AppDelegate.m in Sources */,
				D7FD966B1ABAF90000F01BB2 /* ToDoItem.m in Sources */,
				D751A92B1ABA41610062BBA2 /* ToDoListTableViewController.m in Sources */,
				D751A9001AB8580D0062BBA2 /* main.m in Sources */,
				D751A9281ABA40030062BBA2 /* AddToDoItemViewController.m in Sources */,
			);
			runOnlyForDeploymentPostprocessing = 0;
		};
		D751A90F1AB8580D0062BBA2 /* Sources */ = {
			isa = PBXSourcesBuildPhase;
			buildActionMask = 2147483647;
			files = (
				D751A91A1AB8580D0062BBA2 /* ToDoListTests.m in Sources */,
			);
			runOnlyForDeploymentPostprocessing = 0;
		};
/* End PBXSourcesBuildPhase section */

/* Begin PBXTargetDependency section */
		D751A9151AB8580D0062BBA2 /* PBXTargetDependency */ = {
			isa = PBXTargetDependency;
			target = D751A8F91AB8580D0062BBA2 /* ToDoList */;
			targetProxy = D751A9141AB8580D0062BBA2 /* PBXContainerItemProxy */;
		};
/* End PBXTargetDependency section */

/* Begin PBXVariantGroup section */
		D751A9071AB8580D0062BBA2 /* Main.storyboard */ = {
			isa = PBXVariantGroup;
			children = (
				D751A9081AB8580D0062BBA2 /* Base */,
			);
			name = Main.storyboard;
			sourceTree = "<group>";
		};
		D751A90C1AB8580D0062BBA2 /* LaunchScreen.xib */ = {
			isa = PBXVariantGroup;
			children = (
				D751A90D1AB8580D0062BBA2 /* Base */,
			);
			name = LaunchScreen.xib;
			sourceTree = "<group>";
		};
/* End PBXVariantGroup section */

/* Begin XCBuildConfiguration section */
		D751A91B1AB8580D0062BBA2 /* Debug */ = {
			isa = XCBuildConfiguration;
			buildSettings = {
				ALWAYS_SEARCH_USER_PATHS = NO;
				CLANG_CXX_LANGUAGE_STANDARD = "gnu++0x";
				CLANG_CXX_LIBRARY = "libc++";
				CLANG_ENABLE_MODULES = YES;
				CLANG_ENABLE_OBJC_ARC = YES;
				CLANG_WARN_BOOL_CONVERSION = YES;
				CLANG_WARN_CONSTANT_CONVERSION = YES;
				CLANG_WARN_DIRECT_OBJC_ISA_USAGE = YES_ERROR;
				CLANG_WARN_EMPTY_BODY = YES;
				CLANG_WARN_ENUM_CONVERSION = YES;
				CLANG_WARN_INT_CONVERSION = YES;
				CLANG_WARN_OBJC_ROOT_CLASS = YES_ERROR;
				CLANG_WARN_UNREACHABLE_CODE = YES;
				CLANG_WARN__DUPLICATE_METHOD_MATCH = YES;
				"CODE_SIGN_IDENTITY[sdk=iphoneos*]" = "iPhone Developer";
				COPY_PHASE_STRIP = NO;
				ENABLE_STRICT_OBJC_MSGSEND = YES;
				GCC_C_LANGUAGE_STANDARD = gnu99;
				GCC_DYNAMIC_NO_PIC = NO;
				GCC_OPTIMIZATION_LEVEL = 0;
				GCC_PREPROCESSOR_DEFINITIONS = (
					"DEBUG=1",
					"$(inherited)",
				);
				GCC_SYMBOLS_PRIVATE_EXTERN = NO;
				GCC_WARN_64_TO_32_BIT_CONVERSION = YES;
				GCC_WARN_ABOUT_RETURN_TYPE = YES_ERROR;
				GCC_WARN_UNDECLARED_SELECTOR = YES;
				GCC_WARN_UNINITIALIZED_AUTOS = YES_AGGRESSIVE;
				GCC_WARN_UNUSED_FUNCTION = YES;
				GCC_WARN_UNUSED_VARIABLE = YES;
				IPHONEOS_DEPLOYMENT_TARGET = 8.2;
				MTL_ENABLE_DEBUG_INFO = YES;
				ONLY_ACTIVE_ARCH = YES;
				SDKROOT = iphoneos;
				TARGETED_DEVICE_FAMILY = "1,2";
			};
			name = Debug;
		};
		D751A91C1AB8580D0062BBA2 /* Release */ = {
			isa = XCBuildConfiguration;
			buildSettings = {
				ALWAYS_SEARCH_USER_PATHS = NO;
				CLANG_CXX_LANGUAGE_STANDARD = "gnu++0x";
				CLANG_CXX_LIBRARY = "libc++";
				CLANG_ENABLE_MODULES = YES;
				CLANG_ENABLE_OBJC_ARC = YES;
				CLANG_WARN_BOOL_CONVERSION = YES;
				CLANG_WARN_CONSTANT_CONVERSION = YES;
				CLANG_WARN_DIRECT_OBJC_ISA_USAGE = YES_ERROR;
				CLANG_WARN_EMPTY_BODY = YES;
				CLANG_WARN_ENUM_CONVERSION = YES;
				CLANG_WARN_INT_CONVERSION = YES;
				CLANG_WARN_OBJC_ROOT_CLASS = YES_ERROR;
				CLANG_WARN_UNREACHABLE_CODE = YES;
				CLANG_WARN__DUPLICATE_METHOD_MATCH = YES;
				"CODE_SIGN_IDENTITY[sdk=iphoneos*]" = "iPhone Developer";
				COPY_PHASE_STRIP = NO;
				ENABLE_NS_ASSERTIONS = NO;
				ENABLE_STRICT_OBJC_MSGSEND = YES;
				GCC_C_LANGUAGE_STANDARD = gnu99;
				GCC_WARN_64_TO_32_BIT_CONVERSION = YES;
				GCC_WARN_ABOUT_RETURN_TYPE = YES_ERROR;
				GCC_WARN_UNDECLARED_SELECTOR = YES;
				GCC_WARN_UNINITIALIZED_AUTOS = YES_AGGRESSIVE;
				GCC_WARN_UNUSED_FUNCTION = YES;
				GCC_WARN_UNUSED_VARIABLE = YES;
				IPHONEOS_DEPLOYMENT_TARGET = 8.2;
				MTL_ENABLE_DEBUG_INFO = NO;
				SDKROOT = iphoneos;
				TARGETED_DEVICE_FAMILY = "1,2";
				VALIDATE_PRODUCT = YES;
			};
			name = Release;
		};
		D751A91E1AB8580D0062BBA2 /* Debug */ = {
			isa = XCBuildConfiguration;
			buildSettings = {
				ASSETCATALOG_COMPILER_APPICON_NAME = AppIcon;
				INFOPLIST_FILE = ToDoList/Info.plist;
				LD_RUNPATH_SEARCH_PATHS = "$(inherited) @executable_path/Frameworks";
				PRODUCT_NAME = "$(TARGET_NAME)";
			};
			name = Debug;
		};
		D751A91F1AB8580D0062BBA2 /* Release */ = {
			isa = XCBuildConfiguration;
			buildSettings = {
				ASSETCATALOG_COMPILER_APPICON_NAME = AppIcon;
				INFOPLIST_FILE = ToDoList/Info.plist;
				LD_RUNPATH_SEARCH_PATHS = "$(inherited) @executable_path/Frameworks";
				PRODUCT_NAME = "$(TARGET_NAME)";
			};
			name = Release;
		};
		D751A9211AB8580D0062BBA2 /* Debug */ = {
			isa = XCBuildConfiguration;
			buildSettings = {
				BUNDLE_LOADER = "$(TEST_HOST)";
				FRAMEWORK_SEARCH_PATHS = (
					"$(SDKROOT)/Developer/Library/Frameworks",
					"$(inherited)",
				);
				GCC_PREPROCESSOR_DEFINITIONS = (
					"DEBUG=1",
					"$(inherited)",
				);
				INFOPLIST_FILE = ToDoListTests/Info.plist;
				LD_RUNPATH_SEARCH_PATHS = "$(inherited) @executable_path/Frameworks @loader_path/Frameworks";
				PRODUCT_NAME = "$(TARGET_NAME)";
				TEST_HOST = "$(BUILT_PRODUCTS_DIR)/ToDoList.app/ToDoList";
			};
			name = Debug;
		};
		D751A9221AB8580D0062BBA2 /* Release */ = {
			isa = XCBuildConfiguration;
			buildSettings = {
				BUNDLE_LOADER = "$(TEST_HOST)";
				FRAMEWORK_SEARCH_PATHS = (
					"$(SDKROOT)/Developer/Library/Frameworks",
					"$(inherited)",
				);
				INFOPLIST_FILE = ToDoListTests/Info.plist;
				LD_RUNPATH_SEARCH_PATHS = "$(inherited) @executable_path/Frameworks @loader_path/Frameworks";
				PRODUCT_NAME = "$(TARGET_NAME)";
				TEST_HOST = "$(BUILT_PRODUCTS_DIR)/ToDoList.app/ToDoList";
			};
			name = Release;
		};
/* End XCBuildConfiguration section */

/* Begin XCConfigurationList section */
		D751A8F51AB8580D0062BBA2 /* Build configuration list for PBXProject "ToDoList" */ = {
			isa = XCConfigurationList;
			buildConfigurations = (
				D751A91B1AB8580D0062BBA2 /* Debug */,
				D751A91C1AB8580D0062BBA2 /* Release */,
			);
			defaultConfigurationIsVisible = 0;
			defaultConfigurationName = Release;
		};
		D751A91D1AB8580D0062BBA2 /* Build configuration list for PBXNativeTarget "ToDoList" */ = {
			isa = XCConfigurationList;
			buildConfigurations = (
				D751A91E1AB8580D0062BBA2 /* Debug */,
				D751A91F1AB8580D0062BBA2 /* Release */,
			);
			defaultConfigurationIsVisible = 0;
			defaultConfigurationName = Release;
		};
		D751A9201AB8580D0062BBA2 /* Build configuration list for PBXNativeTarget "ToDoListTests" */ = {
			isa = XCConfigurationList;
			buildConfigurations = (
				D751A9211AB8580D0062BBA2 /* Debug */,
				D751A9221AB8580D0062BBA2 /* Release */,
			);
			defaultConfigurationIsVisible = 0;
			defaultConfigurationName = Release;
		};
/* End XCConfigurationList section */
	};
	rootObject = D751A8F21AB8580D0062BBA2 /* Project object */;
}
